
Microsoft Visual Studio Solution File, Format Version 12.00
# Visual Studio Version 17
VisualStudioVersion = 17.5.002.0
MinimumVisualStudioVersion = 10.0.40219.1
Project("{9A19103F-16F7-4668-BE54-9A1E7A4F7556}") = "SmartSchool.WebAPIv3", "SmartSchool.WebAPIv3.csproj", "{962F08AE-6E0F-4A68-853D-1704D1AFD6DD}"
EndProject
Global
	GlobalSection(SolutionConfigurationPlatforms) = preSolution
		Debug|Any CPU = Debug|Any CPU
		Release|Any CPU = Release|Any CPU
	EndGlobalSection
	GlobalSection(ProjectConfigurationPlatforms) = postSolution
		{962F08AE-6E0F-4A68-853D-1704D1AFD6DD}.Debug|Any CPU.ActiveCfg = Debug|Any CPU
		{962F08AE-6E0F-4A68-853D-1704D1AFD6DD}.Debug|Any CPU.Build.0 = Debug|Any CPU
		{962F08AE-6E0F-4A68-853D-1704D1AFD6DD}.Release|Any CPU.ActiveCfg = Release|Any CPU
		{962F08AE-6E0F-4A68-853D-1704D1AFD6DD}.Release|Any CPU.Build.0 = Release|Any CPU
	EndGlobalSection
	GlobalSection(SolutionProperties) = preSolution
		HideSolutionNode = FALSE
	EndGlobalSection
	GlobalSection(ExtensibilityGlobals) = postSolution
		SolutionGuid = {DC9514CA-0E74-4382-835B-DBDBBA029B7D}
	EndGlobalSection
EndGlobal
